
Microsoft Visual Studio Solution File, Format Version 12.00
# Visual Studio 15
VisualStudioVersion = 15.0.26124.0
MinimumVisualStudioVersion = 15.0.26124.0
Project("{FAE04EC0-301F-11D3-BF4B-00C04F79EFBC}") = "Domain", "Domain\Domain.csproj", "{82015E4B-6E7A-480A-A787-6230580ABA82}"
EndProject
Project("{FAE04EC0-301F-11D3-BF4B-00C04F79EFBC}") = "Application", "Application\Application.csproj", "{04F59905-345F-474C-865E-BED4FEE557F3}"
EndProject
Project("{FAE04EC0-301F-11D3-BF4B-00C04F79EFBC}") = "Persistence", "Persistence\Persistence.csproj", "{1C3E3F0E-E880-4791-8681-7746879F209A}"
EndProject
Project("{FAE04EC0-301F-11D3-BF4B-00C04F79EFBC}") = "API", "API\API.csproj", "{1A157E57-6034-4633-ADF2-63328788C7AA}"
EndProject
Project("{FAE04EC0-301F-11D3-BF4B-00C04F79EFBC}") = "Infrastructure", "Infrastructure\Infrastructure.csproj", "{4E15ED3A-CE16-4955-B4C0-D131168DCD50}"
EndProject
Global
	GlobalSection(SolutionConfigurationPlatforms) = preSolution
		Debug|Any CPU = Debug|Any CPU
		Debug|x64 = Debug|x64
		Debug|x86 = Debug|x86
		Release|Any CPU = Release|Any CPU
		Release|x64 = Release|x64
		Release|x86 = Release|x86
	EndGlobalSection
	GlobalSection(SolutionProperties) = preSolution
		HideSolutionNode = FALSE
	EndGlobalSection
	GlobalSection(ProjectConfigurationPlatforms) = postSolution
		{82015E4B-6E7A-480A-A787-6230580ABA82}.Debug|Any CPU.ActiveCfg = Debug|Any CPU
		{82015E4B-6E7A-480A-A787-6230580ABA82}.Debug|Any CPU.Build.0 = Debug|Any CPU
		{82015E4B-6E7A-480A-A787-6230580ABA82}.Debug|x64.ActiveCfg = Debug|Any CPU
		{82015E4B-6E7A-480A-A787-6230580ABA82}.Debug|x64.Build.0 = Debug|Any CPU
		{82015E4B-6E7A-480A-A787-6230580ABA82}.Debug|x86.ActiveCfg = Debug|Any CPU
		{82015E4B-6E7A-480A-A787-6230580ABA82}.Debug|x86.Build.0 = Debug|Any CPU
		{82015E4B-6E7A-480A-A787-6230580ABA82}.Release|Any CPU.ActiveCfg = Release|Any CPU
		{82015E4B-6E7A-480A-A787-6230580ABA82}.Release|Any CPU.Build.0 = Release|Any CPU
		{82015E4B-6E7A-480A-A787-6230580ABA82}.Release|x64.ActiveCfg = Release|Any CPU
		{82015E4B-6E7A-480A-A787-6230580ABA82}.Release|x64.Build.0 = Release|Any CPU
		{82015E4B-6E7A-480A-A787-6230580ABA82}.Release|x86.ActiveCfg = Release|Any CPU
		{82015E4B-6E7A-480A-A787-6230580ABA82}.Release|x86.Build.0 = Release|Any CPU
		{04F59905-345F-474C-865E-BED4FEE557F3}.Debug|Any CPU.ActiveCfg = Debug|Any CPU
		{04F59905-345F-474C-865E-BED4FEE557F3}.Debug|Any CPU.Build.0 = Debug|Any CPU
		{04F59905-345F-474C-865E-BED4FEE557F3}.Debug|x64.ActiveCfg = Debug|Any CPU
		{04F59905-345F-474C-865E-BED4FEE557F3}.Debug|x64.Build.0 = Debug|Any CPU
		{04F59905-345F-474C-865E-BED4FEE557F3}.Debug|x86.ActiveCfg = Debug|Any CPU
		{04F59905-345F-474C-865E-BED4FEE557F3}.Debug|x86.Build.0 = Debug|Any CPU
		{04F59905-345F-474C-865E-BED4FEE557F3}.Release|Any CPU.ActiveCfg = Release|Any CPU
		{04F59905-345F-474C-865E-BED4FEE557F3}.Release|Any CPU.Build.0 = Release|Any CPU
		{04F59905-345F-474C-865E-BED4FEE557F3}.Release|x64.ActiveCfg = Release|Any CPU
		{04F59905-345F-474C-865E-BED4FEE557F3}.Release|x64.Build.0 = Release|Any CPU
		{04F59905-345F-474C-865E-BED4FEE557F3}.Release|x86.ActiveCfg = Release|Any CPU
		{04F59905-345F-474C-865E-BED4FEE557F3}.Release|x86.Build.0 = Release|Any CPU
		{1C3E3F0E-E880-4791-8681-7746879F209A}.Debug|Any CPU.ActiveCfg = Debug|Any CPU
		{1C3E3F0E-E880-4791-8681-7746879F209A}.Debug|Any CPU.Build.0 = Debug|Any CPU
		{1C3E3F0E-E880-4791-8681-7746879F209A}.Debug|x64.ActiveCfg = Debug|Any CPU
		{1C3E3F0E-E880-4791-8681-7746879F209A}.Debug|x64.Build.0 = Debug|Any CPU
		{1C3E3F0E-E880-4791-8681-7746879F209A}.Debug|x86.ActiveCfg = Debug|Any CPU
		{1C3E3F0E-E880-4791-8681-7746879F209A}.Debug|x86.Build.0 = Debug|Any CPU
		{1C3E3F0E-E880-4791-8681-7746879F209A}.Release|Any CPU.ActiveCfg = Release|Any CPU
		{1C3E3F0E-E880-4791-8681-7746879F209A}.Release|Any CPU.Build.0 = Release|Any CPU
		{1C3E3F0E-E880-4791-8681-7746879F209A}.Release|x64.ActiveCfg = Release|Any CPU
		{1C3E3F0E-E880-4791-8681-7746879F209A}.Release|x64.Build.0 = Release|Any CPU
		{1C3E3F0E-E880-4791-8681-7746879F209A}.Release|x86.ActiveCfg = Release|Any CPU
		{1C3E3F0E-E880-4791-8681-7746879F209A}.Release|x86.Build.0 = Release|Any CPU
		{1A157E57-6034-4633-ADF2-63328788C7AA}.Debug|Any CPU.ActiveCfg = Debug|Any CPU
		{1A157E57-6034-4633-ADF2-63328788C7AA}.Debug|Any CPU.Build.0 = Debug|Any CPU
		{1A157E57-6034-4633-ADF2-63328788C7AA}.Debug|x64.ActiveCfg = Debug|Any CPU
		{1A157E57-6034-4633-ADF2-63328788C7AA}.Debug|x64.Build.0 = Debug|Any CPU
		{1A157E57-6034-4633-ADF2-63328788C7AA}.Debug|x86.ActiveCfg = Debug|Any CPU
		{1A157E57-6034-4633-ADF2-63328788C7AA}.Debug|x86.Build.0 = Debug|Any CPU
		{1A157E57-6034-4633-ADF2-63328788C7AA}.Release|Any CPU.ActiveCfg = Release|Any CPU
		{1A157E57-6034-4633-ADF2-63328788C7AA}.Release|Any CPU.Build.0 = Release|Any CPU
		{1A157E57-6034-4633-ADF2-63328788C7AA}.Release|x64.ActiveCfg = Release|Any CPU
		{1A157E57-6034-4633-ADF2-63328788C7AA}.Release|x64.Build.0 = Release|Any CPU
		{1A157E57-6034-4633-ADF2-63328788C7AA}.Release|x86.ActiveCfg = Release|Any CPU
		{1A157E57-6034-4633-ADF2-63328788C7AA}.Release|x86.Build.0 = Release|Any CPU
		{4E15ED3A-CE16-4955-B4C0-D131168DCD50}.Debug|Any CPU.ActiveCfg = Debug|Any CPU
		{4E15ED3A-CE16-4955-B4C0-D131168DCD50}.Debug|Any CPU.Build.0 = Debug|Any CPU
		{4E15ED3A-CE16-4955-B4C0-D131168DCD50}.Debug|x64.ActiveCfg = Debug|Any CPU
		{4E15ED3A-CE16-4955-B4C0-D131168DCD50}.Debug|x64.Build.0 = Debug|Any CPU
		{4E15ED3A-CE16-4955-B4C0-D131168DCD50}.Debug|x86.ActiveCfg = Debug|Any CPU
		{4E15ED3A-CE16-4955-B4C0-D131168DCD50}.Debug|x86.Build.0 = Debug|Any CPU
		{4E15ED3A-CE16-4955-B4C0-D131168DCD50}.Release|Any CPU.ActiveCfg = Release|Any CPU
		{4E15ED3A-CE16-4955-B4C0-D131168DCD50}.Release|Any CPU.Build.0 = Release|Any CPU
		{4E15ED3A-CE16-4955-B4C0-D131168DCD50}.Release|x64.ActiveCfg = Release|Any CPU
		{4E15ED3A-CE16-4955-B4C0-D131168DCD50}.Release|x64.Build.0 = Release|Any CPU
		{4E15ED3A-CE16-4955-B4C0-D131168DCD50}.Release|x86.ActiveCfg = Release|Any CPU
		{4E15ED3A-CE16-4955-B4C0-D131168DCD50}.Release|x86.Build.0 = Release|Any CPU
	EndGlobalSection
EndGlobal
